// !$*UTF8*$!
{
	archiveVersion = 1;
	classes = {
	};
	objectVersion = 77;
	objects = {

/* Begin PBXBuildFile section */
		9C69448E305A6FF100F8035A /* AppDelegate.swift in Sources */ = {isa = PBXBuildFile; fileRef = 9C69448D305A6FF100F8035A /* AppDelegate.swift */; };
		9C694490305A6FF100F8035A /* SceneDelegate.swift in Sources */ = {isa = PBXBuildFile; fileRef = 9C69448F305A6FF100F8035A /* SceneDelegate.swift */; };
		9C694493305A6FF100F8035A /* LaunchScreen.storyboard in Resources */ = {isa = PBXBuildFile; fileRef = 9C694491305A6FF100F8035A /* LaunchScreen.storyboard */; };
		9C694496305A6FF100F8035A /* Main.storyboard in Resources */ = {isa = PBXBuildFile; fileRef = 9C694494305A6FF100F8035A /* Main.storyboard */; };
		9C69449F305A6FF100F8035A /* AppDelegate.swift in Sources */ = {isa = PBXBuildFile; fileRef = 9C69449E305A6FF100F8035A /* AppDelegate.swift */; };
		9C6944A2305A6FF100F8035A /* Main.storyboard in Resources */ = {isa = PBXBuildFile; fileRef = 9C6944A0305A6FF100F8035A /* Main.storyboard */; };
		9C6944A9305A6FF100F8035A /* LockPass Extension.appex in Embed Foundation Extensions */ = {isa = PBXBuildFile; fileRef = 9C6944A8305A6FF100F8035A /* LockPass Extension.appex */; settings = {ATTRIBUTES = (RemoveHeadersOnCopy, ); }; };
		9C6944B3305A6FF100F8035A /* LockPass Extension.appex in Embed Foundation Extensions */ = {isa = PBXBuildFile; fileRef = 9C6944B2305A6FF100F8035A /* LockPass Extension.appex */; settings = {ATTRIBUTES = (RemoveHeadersOnCopy, ); }; };
		9C6944B8305A6FF100F8035A /* Main.html in Resources */ = {isa = PBXBuildFile; fileRef = 9C69447D305A6FF000F8035A /* Main.html */; };
		9C6944B9305A6FF100F8035A /* Main.html in Resources */ = {isa = PBXBuildFile; fileRef = 9C69447D305A6FF000F8035A /* Main.html */; };
		9C6944BA305A6FF100F8035A /* Icon.png in Resources */ = {isa = PBXBuildFile; fileRef = 9C69447F305A6FF000F8035A /* Icon.png */; };
		9C6944BB305A6FF100F8035A /* Icon.png in Resources */ = {isa = PBXBuildFile; fileRef = 9C69447F305A6FF000F8035A /* Icon.png */; };
		9C6944BC305A6FF100F8035A /* Style.css in Resources */ = {isa = PBXBuildFile; fileRef = 9C694480305A6FF000F8035A /* Style.css */; };
		9C6944BD305A6FF100F8035A /* Style.css in Resources */ = {isa = PBXBuildFile; fileRef = 9C694480305A6FF000F8035A /* Style.css */; };
		9C6944BE305A6FF100F8035A /* Script.js in Resources */ = {isa = PBXBuildFile; fileRef = 9C694481305A6FF000F8035A /* Script.js */; };
		9C6944BF305A6FF100F8035A /* Script.js in Resources */ = {isa = PBXBuildFile; fileRef = 9C694481305A6FF000F8035A /* Script.js */; };
		9C6944C0305A6FF100F8035A /* ViewController.swift in Sources */ = {isa = PBXBuildFile; fileRef = 9C694482305A6FF000F8035A /* ViewController.swift */; };
		9C6944C1305A6FF100F8035A /* ViewController.swift in Sources */ = {isa = PBXBuildFile; fileRef = 9C694482305A6FF000F8035A /* ViewController.swift */; };
		9C6944C2305A6FF100F8035A /* Assets.xcassets in Resources */ = {isa = PBXBuildFile; fileRef = 9C694483305A6FF100F8035A /* Assets.xcassets */; };
		9C6944C3305A6FF100F8035A /* Assets.xcassets in Resources */ = {isa = PBXBuildFile; fileRef = 9C694483305A6FF100F8035A /* Assets.xcassets */; };
		9C6944C4305A6FF100F8035A /* SafariWebExtensionHandler.swift in Sources */ = {isa = PBXBuildFile; fileRef = 9C694485305A6FF100F8035A /* SafariWebExtensionHandler.swift */; };
		9C6944C5305A6FF100F8035A /* SafariWebExtensionHandler.swift in Sources */ = {isa = PBXBuildFile; fileRef = 9C694485305A6FF100F8035A /* SafariWebExtensionHandler.swift */; };
		9C6944E0305A6FF200F8035A /* popup.js in Resources */ = {isa = PBXBuildFile; fileRef = 9C6944D7305A6FF200F8035A /* popup.js */; };
		9C6944E1305A6FF200F8035A /* background.js in Resources */ = {isa = PBXBuildFile; fileRef = 9C6944D8305A6FF200F8035A /* background.js */; };
		9C6944E2305A6FF200F8035A /* popup.html in Resources */ = {isa = PBXBuildFile; fileRef = 9C6944D9305A6FF200F8035A /* popup.html */; };
		9C6944E3305A6FF200F8035A /* README.md in Resources */ = {isa = PBXBuildFile; fileRef = 9C6944DA305A6FF200F8035A /* README.md */; };
		9C6944E4305A6FF200F8035A /* icons in Resources */ = {isa = PBXBuildFile; fileRef = 9C6944DB305A6FF200F8035A /* icons */; };
		9C6944E5305A6FF200F8035A /* manifest.json in Resources */ = {isa = PBXBuildFile; fileRef = 9C6944DC305A6FF200F8035A /* manifest.json */; };
		9C6944E6305A6FF200F8035A /* popup.css in Resources */ = {isa = PBXBuildFile; fileRef = 9C6944DD305A6FF200F8035A /* popup.css */; };
		9C6944E7305A6FF200F8035A /* content.js in Resources */ = {isa = PBXBuildFile; fileRef = 9C6944DE305A6FF200F8035A /* content.js */; };
		9C6944E8305A6FF200F8035A /* lockpass-bridge.js in Resources */ = {isa = PBXBuildFile; fileRef = 9C6944DF305A6FF200F8035A /* lockpass-bridge.js */; };
		9C6944E9305A6FF200F8035A /* popup.js in Resources */ = {isa = PBXBuildFile; fileRef = 9C6944D7305A6FF200F8035A /* popup.js */; };
		9C6944EA305A6FF200F8035A /* background.js in Resources */ = {isa = PBXBuildFile; fileRef = 9C6944D8305A6FF200F8035A /* background.js */; };
		9C6944EB305A6FF200F8035A /* popup.html in Resources */ = {isa = PBXBuildFile; fileRef = 9C6944D9305A6FF200F8035A /* popup.html */; };
		9C6944EC305A6FF200F8035A /* README.md in Resources */ = {isa = PBXBuildFile; fileRef = 9C6944DA305A6FF200F8035A /* README.md */; };
		9C6944ED305A6FF200F8035A /* icons in Resources */ = {isa = PBXBuildFile; fileRef = 9C6944DB305A6FF200F8035A /* icons */; };
		9C6944EE305A6FF200F8035A /* manifest.json in Resources */ = {isa = PBXBuildFile; fileRef = 9C6944DC305A6FF200F8035A /* manifest.json */; };
		9C6944EF305A6FF200F8035A /* popup.css in Resources */ = {isa = PBXBuildFile; fileRef = 9C6944DD305A6FF200F8035A /* popup.css */; };
		9C6944F0305A6FF200F8035A /* content.js in Resources */ = {isa = PBXBuildFile; fileRef = 9C6944DE305A6FF200F8035A /* content.js */; };
		9C6944F1305A6FF200F8035A /* lockpass-bridge.js in Resources */ = {isa = PBXBuildFile; fileRef = 9C6944DF305A6FF200F8035A /* lockpass-bridge.js */; };
/* End PBXBuildFile section */

/* Begin PBXContainerItemProxy section */
		9C6944AA305A6FF100F8035A /* PBXContainerItemProxy */ = {
			isa = PBXContainerItemProxy;
			containerPortal = 9C694477305A6FF000F8035A /* Project object */;
			proxyType = 1;
			remoteGlobalIDString = 9C6944A7305A6FF100F8035A;
			remoteInfo = "LockPass Extension (iOS)";
		};
		9C6944B4305A6FF100F8035A /* PBXContainerItemProxy */ = {
			isa = PBXContainerItemProxy;
			containerPortal = 9C694477305A6FF000F8035A /* Project object */;
			proxyType = 1;
			remoteGlobalIDString = 9C6944B1305A6FF100F8035A;
			remoteInfo = "LockPass Extension (macOS)";
		};
/* End PBXContainerItemProxy section */

/* Begin PBXCopyFilesBuildPhase section */
		9C6944CB305A6FF100F8035A /* Embed Foundation Extensions */ = {
			isa = PBXCopyFilesBuildPhase;
			buildActionMask = 2147483647;
			dstPath = "";
			dstSubfolderSpec = 13;
			files = (
				9C6944A9305A6FF100F8035A /* LockPass Extension.appex in Embed Foundation Extensions */,
			);
			name = "Embed Foundation Extensions";
			runOnlyForDeploymentPostprocessing = 0;
		};
		9C6944D2305A6FF100F8035A /* Embed Foundation Extensions */ = {
			isa = PBXCopyFilesBuildPhase;
			buildActionMask = 2147483647;
			dstPath = "";
			dstSubfolderSpec = 13;
			files = (
				9C6944B3305A6FF100F8035A /* LockPass Extension.appex in Embed Foundation Extensions */,
			);
			name = "Embed Foundation Extensions";
			runOnlyForDeploymentPostprocessing = 0;
		};
/* End PBXCopyFilesBuildPhase section */

/* Begin PBXFileReference section */
		9C23BC95305A724000CCEFE4 /* LockPass (macOS) copy-Info.plist */ = {isa = PBXFileReference; lastKnownFileType = text.plist.xml; name = "LockPass (macOS) copy-Info.plist"; path = "/Users/wbtrex/website/localServer/node/trexwb/git/lockPass/LockPass/LockPass (macOS) copy-Info.plist"; sourceTree = "<absolute>"; };
		9C69447E305A6FF000F8035A /* Base */ = {isa = PBXFileReference; lastKnownFileType = text.html; name = Base; path = Base.lproj/Main.html; sourceTree = "<group>"; };
		9C69447F305A6FF000F8035A /* Icon.png */ = {isa = PBXFileReference; lastKnownFileType = image.png; path = Icon.png; sourceTree = "<group>"; };
		9C694480305A6FF000F8035A /* Style.css */ = {isa = PBXFileReference; lastKnownFileType = text.css; path = Style.css; sourceTree = "<group>"; };
		9C694481305A6FF000F8035A /* Script.js */ = {isa = PBXFileReference; lastKnownFileType = sourcecode.javascript; path = Script.js; sourceTree = "<group>"; };
		9C694482305A6FF000F8035A /* ViewController.swift */ = {isa = PBXFileReference; lastKnownFileType = sourcecode.swift; path = ViewController.swift; sourceTree = "<group>"; };
		9C694483305A6FF100F8035A /* Assets.xcassets */ = {isa = PBXFileReference; lastKnownFileType = folder.assetcatalog; path = Assets.xcassets; sourceTree = "<group>"; };
		9C694485305A6FF100F8035A /* SafariWebExtensionHandler.swift */ = {isa = PBXFileReference; lastKnownFileType = sourcecode.swift; path = SafariWebExtensionHandler.swift; sourceTree = "<group>"; };
		9C69448A305A6FF100F8035A /* LockPass.app */ = {isa = PBXFileReference; explicitFileType = wrapper.application; includeInIndex = 0; path = LockPass.app; sourceTree = BUILT_PRODUCTS_DIR; };
		9C69448D305A6FF100F8035A /* AppDelegate.swift */ = {isa = PBXFileReference; lastKnownFileType = sourcecode.swift; path = AppDelegate.swift; sourceTree = "<group>"; };
		9C69448F305A6FF100F8035A /* SceneDelegate.swift */ = {isa = PBXFileReference; lastKnownFileType = sourcecode.swift; path = SceneDelegate.swift; sourceTree = "<group>"; };
		9C694492305A6FF100F8035A /* Base */ = {isa = PBXFileReference; lastKnownFileType = file.storyboard; name = Base; path = Base.lproj/LaunchScreen.storyboard; sourceTree = "<group>"; };
		9C694495305A6FF100F8035A /* Base */ = {isa = PBXFileReference; lastKnownFileType = file.storyboard; name = Base; path = Base.lproj/Main.storyboard; sourceTree = "<group>"; };
		9C694497305A6FF100F8035A /* Info.plist */ = {isa = PBXFileReference; lastKnownFileType = text.plist.xml; path = Info.plist; sourceTree = "<group>"; };
		9C69449C305A6FF100F8035A /* LockPass.app */ = {isa = PBXFileReference; explicitFileType = wrapper.application; includeInIndex = 0; path = LockPass.app; sourceTree = BUILT_PRODUCTS_DIR; };
		9C69449E305A6FF100F8035A /* AppDelegate.swift */ = {isa = PBXFileReference; lastKnownFileType = sourcecode.swift; path = AppDelegate.swift; sourceTree = "<group>"; };
		9C6944A1305A6FF100F8035A /* Base */ = {isa = PBXFileReference; lastKnownFileType = file.storyboard; name = Base; path = Base.lproj/Main.storyboard; sourceTree = "<group>"; };
		9C6944A3305A6FF100F8035A /* Info.plist */ = {isa = PBXFileReference; lastKnownFileType = text.plist.xml; path = Info.plist; sourceTree = "<group>"; };
		9C6944A8305A6FF100F8035A /* LockPass Extension.appex */ = {isa = PBXFileReference; explicitFileType = "wrapper.app-extension"; includeInIndex = 0; path = "LockPass Extension.appex"; sourceTree = BUILT_PRODUCTS_DIR; };
		9C6944AD305A6FF100F8035A /* Info.plist */ = {isa = PBXFileReference; lastKnownFileType = text.plist.xml; path = Info.plist; sourceTree = "<group>"; };
		9C6944B2305A6FF100F8035A /* LockPass Extension.appex */ = {isa = PBXFileReference; explicitFileType = "wrapper.app-extension"; includeInIndex = 0; path = "LockPass Extension.appex"; sourceTree = BUILT_PRODUCTS_DIR; };
		9C6944B7305A6FF100F8035A /* Info.plist */ = {isa = PBXFileReference; lastKnownFileType = text.plist.xml; path = Info.plist; sourceTree = "<group>"; };
		9C6944D7305A6FF200F8035A /* popup.js */ = {isa = PBXFileReference; lastKnownFileType = sourcecode.javascript; name = popup.js; path = ../../extension/popup.js; sourceTree = "<group>"; };
		9C6944D8305A6FF200F8035A /* background.js */ = {isa = PBXFileReference; lastKnownFileType = sourcecode.javascript; name = background.js; path = ../../extension/background.js; sourceTree = "<group>"; };
		9C6944D9305A6FF200F8035A /* popup.html */ = {isa = PBXFileReference; lastKnownFileType = text.html; name = popup.html; path = ../../extension/popup.html; sourceTree = "<group>"; };
		9C6944DA305A6FF200F8035A /* README.md */ = {isa = PBXFileReference; lastKnownFileType = net.daringfireball.markdown; name = README.md; path = ../../extension/README.md; sourceTree = "<group>"; };
		9C6944DB305A6FF200F8035A /* icons */ = {isa = PBXFileReference; lastKnownFileType = folder; name = icons; path = ../../extension/icons; sourceTree = "<group>"; };
		9C6944DC305A6FF200F8035A /* manifest.json */ = {isa = PBXFileReference; lastKnownFileType = text.json; name = manifest.json; path = ../../extension/manifest.json; sourceTree = "<group>"; };
		9C6944DD305A6FF200F8035A /* popup.css */ = {isa = PBXFileReference; lastKnownFileType = text.css; name = popup.css; path = ../../extension/popup.css; sourceTree = "<group>"; };
		9C6944DE305A6FF200F8035A /* content.js */ = {isa = PBXFileReference; lastKnownFileType = sourcecode.javascript; name = content.js; path = ../../extension/content.js; sourceTree = "<group>"; };
		9C6944DF305A6FF200F8035A /* lockpass-bridge.js */ = {isa = PBXFileReference; lastKnownFileType = sourcecode.javascript; name = "lockpass-bridge.js"; path = "../../extension/lockpass-bridge.js"; sourceTree = "<group>"; };
/* End PBXFileReference section */

/* Begin PBXFrameworksBuildPhase section */
		9C694487305A6FF100F8035A /* Frameworks */ = {
			isa = PBXFrameworksBuildPhase;
			buildActionMask = 2147483647;
			files = (
			);
			runOnlyForDeploymentPostprocessing = 0;
		};
		9C694499305A6FF100F8035A /* Frameworks */ = {
			isa = PBXFrameworksBuildPhase;
			buildActionMask = 2147483647;
			files = (
			);
			runOnlyForDeploymentPostprocessing = 0;
		};
		9C6944A5305A6FF100F8035A /* Frameworks */ = {
			isa = PBXFrameworksBuildPhase;
			buildActionMask = 2147483647;
			files = (
			);
			runOnlyForDeploymentPostprocessing = 0;
		};
		9C6944AF305A6FF100F8035A /* Frameworks */ = {
			isa = PBXFrameworksBuildPhase;
			buildActionMask = 2147483647;
			files = (
			);
			runOnlyForDeploymentPostprocessing = 0;
		};
/* End PBXFrameworksBuildPhase section */

/* Begin PBXGroup section */
		9C694476305A6FF000F8035A = {
			isa = PBXGroup;
			children = (
				9C69447B305A6FF000F8035A /* Shared (App) */,
				9C694484305A6FF100F8035A /* Shared (Extension) */,
				9C69448C305A6FF100F8035A /* iOS (App) */,
				9C69449D305A6FF100F8035A /* macOS (App) */,
				9C6944AC305A6FF100F8035A /* iOS (Extension) */,
				9C6944B6305A6FF100F8035A /* macOS (Extension) */,
				9C23BC95305A724000CCEFE4 /* LockPass (macOS) copy-Info.plist */,
				9C69448B305A6FF100F8035A /* Products */,
			);
			sourceTree = "<group>";
		};
		9C69447B305A6FF000F8035A /* Shared (App) */ = {
			isa = PBXGroup;
			children = (
				9C694482305A6FF000F8035A /* ViewController.swift */,
				9C694483305A6FF100F8035A /* Assets.xcassets */,
				9C69447C305A6FF000F8035A /* Resources */,
			);
			path = "Shared (App)";
			sourceTree = "<group>";
		};
		9C69447C305A6FF000F8035A /* Resources */ = {
			isa = PBXGroup;
			children = (
				9C69447D305A6FF000F8035A /* Main.html */,
				9C69447F305A6FF000F8035A /* Icon.png */,
				9C694480305A6FF000F8035A /* Style.css */,
				9C694481305A6FF000F8035A /* Script.js */,
			);
			path = Resources;
			sourceTree = "<group>";
		};
		9C694484305A6FF100F8035A /* Shared (Extension) */ = {
			isa = PBXGroup;
			children = (
				9C6944D6305A6FF200F8035A /* Resources */,
				9C694485305A6FF100F8035A /* SafariWebExtensionHandler.swift */,
			);
			path = "Shared (Extension)";
			sourceTree = "<group>";
		};
		9C69448B305A6FF100F8035A /* Products */ = {
			isa = PBXGroup;
			children = (
				9C69448A305A6FF100F8035A /* LockPass.app */,
				9C69449C305A6FF100F8035A /* LockPass.app */,
				9C6944A8305A6FF100F8035A /* LockPass Extension.appex */,
				9C6944B2305A6FF100F8035A /* LockPass Extension.appex */,
			);
			name = Products;
			sourceTree = "<group>";
		};
		9C69448C305A6FF100F8035A /* iOS (App) */ = {
			isa = PBXGroup;
			children = (
				9C69448D305A6FF100F8035A /* AppDelegate.swift */,
				9C69448F305A6FF100F8035A /* SceneDelegate.swift */,
				9C694491305A6FF100F8035A /* LaunchScreen.storyboard */,
				9C694494305A6FF100F8035A /* Main.storyboard */,
				9C694497305A6FF100F8035A /* Info.plist */,
			);
			path = "iOS (App)";
			sourceTree = "<group>";
		};
		9C69449D305A6FF100F8035A /* macOS (App) */ = {
			isa = PBXGroup;
			children = (
				9C69449E305A6FF100F8035A /* AppDelegate.swift */,
				9C6944A0305A6FF100F8035A /* Main.storyboard */,
				9C6944A3305A6FF100F8035A /* Info.plist */,
			);
			path = "macOS (App)";
			sourceTree = "<group>";
		};
		9C6944AC305A6FF100F8035A /* iOS (Extension) */ = {
			isa = PBXGroup;
			children = (
				9C6944AD305A6FF100F8035A /* Info.plist */,
			);
			path = "iOS (Extension)";
			sourceTree = "<group>";
		};
		9C6944B6305A6FF100F8035A /* macOS (Extension) */ = {
			isa = PBXGroup;
			children = (
				9C6944B7305A6FF100F8035A /* Info.plist */,
			);
			path = "macOS (Extension)";
			sourceTree = "<group>";
		};
		9C6944D6305A6FF200F8035A /* Resources */ = {
			isa = PBXGroup;
			children = (
				9C6944D7305A6FF200F8035A /* popup.js */,
				9C6944D8305A6FF200F8035A /* background.js */,
				9C6944D9305A6FF200F8035A /* popup.html */,
				9C6944DA305A6FF200F8035A /* README.md */,
				9C6944DB305A6FF200F8035A /* icons */,
				9C6944DC305A6FF200F8035A /* manifest.json */,
				9C6944DD305A6FF200F8035A /* popup.css */,
				9C6944DE305A6FF200F8035A /* content.js */,
				9C6944DF305A6FF200F8035A /* lockpass-bridge.js */,
			);
			name = Resources;
			path = "Shared (Extension)";
			sourceTree = SOURCE_ROOT;
		};
/* End PBXGroup section */

/* Begin PBXNativeTarget section */
		9C694489305A6FF100F8035A /* LockPass (iOS) */ = {
			isa = PBXNativeTarget;
			buildConfigurationList = 9C6944CC305A6FF100F8035A /* Build configuration list for PBXNativeTarget "LockPass (iOS)" */;
			buildPhases = (
				9C694486305A6FF100F8035A /* Sources */,
				9C694487305A6FF100F8035A /* Frameworks */,
				9C694488305A6FF100F8035A /* Resources */,
				9C6944CB305A6FF100F8035A /* Embed Foundation Extensions */,
			);
			buildRules = (
			);
			dependencies = (
				9C6944AB305A6FF100F8035A /* PBXTargetDependency */,
			);
			name = "LockPass (iOS)";
			packageProductDependencies = (
			);
			productName = "LockPass (iOS)";
			productReference = 9C69448A305A6FF100F8035A /* LockPass.app */;
			productType = "com.apple.product-type.application";
		};
		9C69449B305A6FF100F8035A /* LockPass (macOS) */ = {
			isa = PBXNativeTarget;
			buildConfigurationList = 9C6944D3305A6FF100F8035A /* Build configuration list for PBXNativeTarget "LockPass (macOS)" */;
			buildPhases = (
				9C694498305A6FF100F8035A /* Sources */,
				9C694499305A6FF100F8035A /* Frameworks */,
				9C69449A305A6FF100F8035A /* Resources */,
				9C6944D2305A6FF100F8035A /* Embed Foundation Extensions */,
			);
			buildRules = (
			);
			dependencies = (
				9C6944B5305A6FF100F8035A /* PBXTargetDependency */,
			);
			name = "LockPass (macOS)";
			packageProductDependencies = (
			);
			productName = "LockPass (macOS)";
			productReference = 9C69449C305A6FF100F8035A /* LockPass.app */;
			productType = "com.apple.product-type.application";
		};
		9C6944A7305A6FF100F8035A /* LockPass Extension (iOS) */ = {
			isa = PBXNativeTarget;
			buildConfigurationList = 9C6944C8305A6FF100F8035A /* Build configuration list for PBXNativeTarget "LockPass Extension (iOS)" */;
			buildPhases = (
				9C6944A4305A6FF100F8035A /* Sources */,
				9C6944A5305A6FF100F8035A /* Frameworks */,
				9C6944A6305A6FF100F8035A /* Resources */,
			);
			buildRules = (
			);
			dependencies = (
			);
			name = "LockPass Extension (iOS)";
			packageProductDependencies = (
			);
			productName = "LockPass Extension (iOS)";
			productReference = 9C6944A8305A6FF100F8035A /* LockPass Extension.appex */;
			productType = "com.apple.product-type.app-extension";
		};
		9C6944B1305A6FF100F8035A /* LockPass Extension (macOS) */ = {
			isa = PBXNativeTarget;
			buildConfigurationList = 9C6944CF305A6FF100F8035A /* Build configuration list for PBXNativeTarget "LockPass Extension (macOS)" */;
			buildPhases = (
				9C6944AE305A6FF100F8035A /* Sources */,
				9C6944AF305A6FF100F8035A /* Frameworks */,
				9C6944B0305A6FF100F8035A /* Resources */,
			);
			buildRules = (
			);
			dependencies = (
			);
			name = "LockPass Extension (macOS)";
			packageProductDependencies = (
			);
			productName = "LockPass Extension (macOS)";
			productReference = 9C6944B2305A6FF100F8035A /* LockPass Extension.appex */;
			productType = "com.apple.product-type.app-extension";
		};
/* End PBXNativeTarget section */

/* Begin PBXProject section */
		9C694477305A6FF000F8035A /* Project object */ = {
			isa = PBXProject;
			attributes = {
				BuildIndependentTargetsInParallel = 1;
				LastSwiftUpdateCheck = 2660;
				LastUpgradeCheck = 2700;
				TargetAttributes = {
					9C694489305A6FF100F8035A = {
						CreatedOnToolsVersion = 26.6;
					};
					9C69449B305A6FF100F8035A = {
						CreatedOnToolsVersion = 26.6;
					};
					9C6944A7305A6FF100F8035A = {
						CreatedOnToolsVersion = 26.6;
					};
					9C6944B1305A6FF100F8035A = {
						CreatedOnToolsVersion = 26.6;
					};
				};
			};
			buildConfigurationList = 9C69447A305A6FF000F8035A /* Build configuration list for PBXProject "LockPass" */;
			developmentRegion = en;
			hasScannedForEncodings = 0;
			knownRegions = (
				en,
				Base,
			);
			mainGroup = 9C694476305A6FF000F8035A;
			minimizedProjectReferenceProxies = 1;
			preferredProjectObjectVersion = 77;
			productRefGroup = 9C69448B305A6FF100F8035A /* Products */;
			projectDirPath = "";
			projectRoot = "";
			targets = (
				9C694489305A6FF100F8035A /* LockPass (iOS) */,
				9C69449B305A6FF100F8035A /* LockPass (macOS) */,
				9C6944A7305A6FF100F8035A /* LockPass Extension (iOS) */,
				9C6944B1305A6FF100F8035A /* LockPass Extension (macOS) */,
			);
		};
/* End PBXProject section */

/* Begin PBXResourcesBuildPhase section */
		9C694488305A6FF100F8035A /* Resources */ = {
			isa = PBXResourcesBuildPhase;
			buildActionMask = 2147483647;
			files = (
				9C6944BA305A6FF100F8035A /* Icon.png in Resources */,
				9C694493305A6FF100F8035A /* LaunchScreen.storyboard in Resources */,
				9C6944B8305A6FF100F8035A /* Main.html in Resources */,
				9C6944BE305A6FF100F8035A /* Script.js in Resources */,
				9C6944C2305A6FF100F8035A /* Assets.xcassets in Resources */,
				9C694496305A6FF100F8035A /* Main.storyboard in Resources */,
				9C6944BC305A6FF100F8035A /* Style.css in Resources */,
			);
			runOnlyForDeploymentPostprocessing = 0;
		};
		9C69449A305A6FF100F8035A /* Resources */ = {
			isa = PBXResourcesBuildPhase;
			buildActionMask = 2147483647;
			files = (
				9C6944BB305A6FF100F8035A /* Icon.png in Resources */,
				9C6944BD305A6FF100F8035A /* Style.css in Resources */,
				9C6944A2305A6FF100F8035A /* Main.storyboard in Resources */,
				9C6944BF305A6FF100F8035A /* Script.js in Resources */,
				9C6944C3305A6FF100F8035A /* Assets.xcassets in Resources */,
				9C6944B9305A6FF100F8035A /* Main.html in Resources */,
			);
			runOnlyForDeploymentPostprocessing = 0;
		};
		9C6944A6305A6FF100F8035A /* Resources */ = {
			isa = PBXResourcesBuildPhase;
			buildActionMask = 2147483647;
			files = (
				9C6944F1305A6FF200F8035A /* lockpass-bridge.js in Resources */,
				9C6944F0305A6FF200F8035A /* content.js in Resources */,
				9C6944EA305A6FF200F8035A /* background.js in Resources */,
				9C6944EF305A6FF200F8035A /* popup.css in Resources */,
				9C6944EB305A6FF200F8035A /* popup.html in Resources */,
				9C6944EC305A6FF200F8035A /* README.md in Resources */,
				9C6944ED305A6FF200F8035A /* icons in Resources */,
				9C6944EE305A6FF200F8035A /* manifest.json in Resources */,
				9C6944E9305A6FF200F8035A /* popup.js in Resources */,
			);
			runOnlyForDeploymentPostprocessing = 0;
		};
		9C6944B0305A6FF100F8035A /* Resources */ = {
			isa = PBXResourcesBuildPhase;
			buildActionMask = 2147483647;
			files = (
				9C6944E8305A6FF200F8035A /* lockpass-bridge.js in Resources */,
				9C6944E7305A6FF200F8035A /* content.js in Resources */,
				9C6944E1305A6FF200F8035A /* background.js in Resources */,
				9C6944E6305A6FF200F8035A /* popup.css in Resources */,
				9C6944E2305A6FF200F8035A /* popup.html in Resources */,
				9C6944E3305A6FF200F8035A /* README.md in Resources */,
				9C6944E4305A6FF200F8035A /* icons in Resources */,
				9C6944E5305A6FF200F8035A /* manifest.json in Resources */,
				9C6944E0305A6FF200F8035A /* popup.js in Resources */,
			);
			runOnlyForDeploymentPostprocessing = 0;
		};
/* End PBXResourcesBuildPhase section */

/* Begin PBXSourcesBuildPhase section */
		9C694486305A6FF100F8035A /* Sources */ = {
			isa = PBXSourcesBuildPhase;
			buildActionMask = 2147483647;
			files = (
				9C6944C0305A6FF100F8035A /* ViewController.swift in Sources */,
				9C69448E305A6FF100F8035A /* AppDelegate.swift in Sources */,
				9C694490305A6FF100F8035A /* SceneDelegate.swift in Sources */,
			);
			runOnlyForDeploymentPostprocessing = 0;
		};
		9C694498305A6FF100F8035A /* Sources */ = {
			isa = PBXSourcesBuildPhase;
			buildActionMask = 2147483647;
			files = (
				9C6944C1305A6FF100F8035A /* ViewController.swift in Sources */,
				9C69449F305A6FF100F8035A /* AppDelegate.swift in Sources */,
			);
			runOnlyForDeploymentPostprocessing = 0;
		};
		9C6944A4305A6FF100F8035A /* Sources */ = {
			isa = PBXSourcesBuildPhase;
			buildActionMask = 2147483647;
			files = (
				9C6944C4305A6FF100F8035A /* SafariWebExtensionHandler.swift in Sources */,
			);
			runOnlyForDeploymentPostprocessing = 0;
		};
		9C6944AE305A6FF100F8035A /* Sources */ = {
			isa = PBXSourcesBuildPhase;
			buildActionMask = 2147483647;
			files = (
				9C6944C5305A6FF100F8035A /* SafariWebExtensionHandler.swift in Sources */,
			);
			runOnlyForDeploymentPostprocessing = 0;
		};
/* End PBXSourcesBuildPhase section */

/* Begin PBXTargetDependency section */
		9C6944AB305A6FF100F8035A /* PBXTargetDependency */ = {
			isa = PBXTargetDependency;
			target = 9C6944A7305A6FF100F8035A /* LockPass Extension (iOS) */;
			targetProxy = 9C6944AA305A6FF100F8035A /* PBXContainerItemProxy */;
		};
		9C6944B5305A6FF100F8035A /* PBXTargetDependency */ = {
			isa = PBXTargetDependency;
			target = 9C6944B1305A6FF100F8035A /* LockPass Extension (macOS) */;
			targetProxy = 9C6944B4305A6FF100F8035A /* PBXContainerItemProxy */;
		};
/* End PBXTargetDependency section */

/* Begin PBXVariantGroup section */
		9C69447D305A6FF000F8035A /* Main.html */ = {
			isa = PBXVariantGroup;
			children = (
				9C69447E305A6FF000F8035A /* Base */,
			);
			name = Main.html;
			sourceTree = "<group>";
		};
		9C694491305A6FF100F8035A /* LaunchScreen.storyboard */ = {
			isa = PBXVariantGroup;
			children = (
				9C694492305A6FF100F8035A /* Base */,
			);
			name = LaunchScreen.storyboard;
			sourceTree = "<group>";
		};
		9C694494305A6FF100F8035A /* Main.storyboard */ = {
			isa = PBXVariantGroup;
			children = (
				9C694495305A6FF100F8035A /* Base */,
			);
			name = Main.storyboard;
			sourceTree = "<group>";
		};
		9C6944A0305A6FF100F8035A /* Main.storyboard */ = {
			isa = PBXVariantGroup;
			children = (
				9C6944A1305A6FF100F8035A /* Base */,
			);
			name = Main.storyboard;
			sourceTree = "<group>";
		};
/* End PBXVariantGroup section */

/* Begin XCBuildConfiguration section */
		9C6944C6305A6FF100F8035A /* Debug */ = {
			isa = XCBuildConfiguration;
			buildSettings = {
				ALWAYS_SEARCH_USER_PATHS = NO;
				ASSETCATALOG_COMPILER_GENERATE_SWIFT_ASSET_SYMBOL_EXTENSIONS = YES;
				CLANG_ANALYZER_NONNULL = YES;
				CLANG_ANALYZER_NUMBER_OBJECT_CONVERSION = YES_AGGRESSIVE;
				CLANG_CXX_LANGUAGE_STANDARD = "gnu++20";
				CLANG_ENABLE_MODULES = YES;
				CLANG_ENABLE_OBJC_ARC = YES;
				CLANG_ENABLE_OBJC_WEAK = YES;
				CLANG_WARN_BLOCK_CAPTURE_AUTORELEASING = YES;
				CLANG_WARN_BOOL_CONVERSION = YES;
				CLANG_WARN_COMMA = YES;
				CLANG_WARN_CONSTANT_CONVERSION = YES;
				CLANG_WARN_DEPRECATED_OBJC_IMPLEMENTATIONS = YES;
				CLANG_WARN_DIRECT_OBJC_ISA_USAGE = YES_ERROR;
				CLANG_WARN_DOCUMENTATION_COMMENTS = YES;
				CLANG_WARN_EMPTY_BODY = YES;
				CLANG_WARN_ENUM_CONVERSION = YES;
				CLANG_WARN_INFINITE_RECURSION = YES;
				CLANG_WARN_INT_CONVERSION = YES;
				CLANG_WARN_NON_LITERAL_NULL_CONVERSION = YES;
				CLANG_WARN_OBJC_IMPLICIT_RETAIN_SELF = YES;
				CLANG_WARN_OBJC_LITERAL_CONVERSION = YES;
				CLANG_WARN_OBJC_ROOT_CLASS = YES_ERROR;
				CLANG_WARN_QUOTED_INCLUDE_IN_FRAMEWORK_HEADER = YES;
				CLANG_WARN_RANGE_LOOP_ANALYSIS = YES;
				CLANG_WARN_STRICT_PROTOTYPES = YES;
				CLANG_WARN_SUSPICIOUS_MOVE = YES;
				CLANG_WARN_UNGUARDED_AVAILABILITY = YES_AGGRESSIVE;
				CLANG_WARN_UNREACHABLE_CODE = YES;
				CLANG_WARN__DUPLICATE_METHOD_MATCH = YES;
				COPY_PHASE_STRIP = NO;
				DEAD_CODE_STRIPPING = YES;
				DEBUG_INFORMATION_FORMAT = dwarf;
				ENABLE_STRICT_OBJC_MSGSEND = YES;
				ENABLE_TESTABILITY = YES;
				ENABLE_USER_SCRIPT_SANDBOXING = YES;
				GCC_C_LANGUAGE_STANDARD = gnu17;
				GCC_DYNAMIC_NO_PIC = NO;
				GCC_NO_COMMON_BLOCKS = YES;
				GCC_OPTIMIZATION_LEVEL = 0;
				GCC_PREPROCESSOR_DEFINITIONS = (
					"DEBUG=1",
					"$(inherited)",
				);
				GCC_WARN_64_TO_32_BIT_CONVERSION = YES;
				GCC_WARN_ABOUT_RETURN_TYPE = YES_ERROR;
				GCC_WARN_UNDECLARED_SELECTOR = YES;
				GCC_WARN_UNINITIALIZED_AUTOS = YES_AGGRESSIVE;
				GCC_WARN_UNUSED_FUNCTION = YES;
				GCC_WARN_UNUSED_VARIABLE = YES;
				LOCALIZATION_PREFERS_STRING_CATALOGS = YES;
				MTL_ENABLE_DEBUG_INFO = INCLUDE_SOURCE;
				MTL_FAST_MATH = YES;
				ONLY_ACTIVE_ARCH = YES;
				STRING_CATALOG_GENERATE_SYMBOLS = YES;
				SWIFT_ACTIVE_COMPILATION_CONDITIONS = "DEBUG $(inherited)";
				SWIFT_OPTIMIZATION_LEVEL = "-Onone";
			};
			name = Debug;
		};
		9C6944C7305A6FF100F8035A /* Release */ = {
			isa = XCBuildConfiguration;
			buildSettings = {
				ALWAYS_SEARCH_USER_PATHS = NO;
				ASSETCATALOG_COMPILER_GENERATE_SWIFT_ASSET_SYMBOL_EXTENSIONS = YES;
				CLANG_ANALYZER_NONNULL = YES;
				CLANG_ANALYZER_NUMBER_OBJECT_CONVERSION = YES_AGGRESSIVE;
				CLANG_CXX_LANGUAGE_STANDARD = "gnu++20";
				CLANG_ENABLE_MODULES = YES;
				CLANG_ENABLE_OBJC_ARC = YES;
				CLANG_ENABLE_OBJC_WEAK = YES;
				CLANG_WARN_BLOCK_CAPTURE_AUTORELEASING = YES;
				CLANG_WARN_BOOL_CONVERSION = YES;
				CLANG_WARN_COMMA = YES;
				CLANG_WARN_CONSTANT_CONVERSION = YES;
				CLANG_WARN_DEPRECATED_OBJC_IMPLEMENTATIONS = YES;
				CLANG_WARN_DIRECT_OBJC_ISA_USAGE = YES_ERROR;
				CLANG_WARN_DOCUMENTATION_COMMENTS = YES;
				CLANG_WARN_EMPTY_BODY = YES;
				CLANG_WARN_ENUM_CONVERSION = YES;
				CLANG_WARN_INFINITE_RECURSION = YES;
				CLANG_WARN_INT_CONVERSION = YES;
				CLANG_WARN_NON_LITERAL_NULL_CONVERSION = YES;
				CLANG_WARN_OBJC_IMPLICIT_RETAIN_SELF = YES;
				CLANG_WARN_OBJC_LITERAL_CONVERSION = YES;
				CLANG_WARN_OBJC_ROOT_CLASS = YES_ERROR;
				CLANG_WARN_QUOTED_INCLUDE_IN_FRAMEWORK_HEADER = YES;
				CLANG_WARN_RANGE_LOOP_ANALYSIS = YES;
				CLANG_WARN_STRICT_PROTOTYPES = YES;
				CLANG_WARN_SUSPICIOUS_MOVE = YES;
				CLANG_WARN_UNGUARDED_AVAILABILITY = YES_AGGRESSIVE;
				CLANG_WARN_UNREACHABLE_CODE = YES;
				CLANG_WARN__DUPLICATE_METHOD_MATCH = YES;
				COPY_PHASE_STRIP = NO;
				DEAD_CODE_STRIPPING = YES;
				DEBUG_INFORMATION_FORMAT = "dwarf-with-dsym";
				ENABLE_NS_ASSERTIONS = NO;
				ENABLE_STRICT_OBJC_MSGSEND = YES;
				ENABLE_USER_SCRIPT_SANDBOXING = YES;
				GCC_C_LANGUAGE_STANDARD = gnu17;
				GCC_NO_COMMON_BLOCKS = YES;
				GCC_WARN_64_TO_32_BIT_CONVERSION = YES;
				GCC_WARN_ABOUT_RETURN_TYPE = YES_ERROR;
				GCC_WARN_UNDECLARED_SELECTOR = YES;
				GCC_WARN_UNINITIALIZED_AUTOS = YES_AGGRESSIVE;
				GCC_WARN_UNUSED_FUNCTION = YES;
				GCC_WARN_UNUSED_VARIABLE = YES;
				LOCALIZATION_PREFERS_STRING_CATALOGS = YES;
				MTL_ENABLE_DEBUG_INFO = NO;
				MTL_FAST_MATH = YES;
				STRING_CATALOG_GENERATE_SYMBOLS = YES;
				SWIFT_COMPILATION_MODE = wholemodule;
			};
			name = Release;
		};
		9C6944C9305A6FF100F8035A /* Debug */ = {
			isa = XCBuildConfiguration;
			buildSettings = {
				CODE_SIGN_STYLE = Automatic;
				CURRENT_PROJECT_VERSION = 1;
				GENERATE_INFOPLIST_FILE = YES;
				INFOPLIST_FILE = "iOS (Extension)/Info.plist";
				INFOPLIST_KEY_CFBundleDisplayName = "LockPass Extension";
				INFOPLIST_KEY_NSHumanReadableCopyright = "";
				IPHONEOS_DEPLOYMENT_TARGET = "$(RECOMMENDED_IPHONEOS_DEPLOYMENT_TARGET)";
				LD_RUNPATH_SEARCH_PATHS = (
					"$(inherited)",
					"@executable_path/Frameworks",
					"@executable_path/../../Frameworks",
				);
				MARKETING_VERSION = 1.0;
				OTHER_LDFLAGS = (
					"-framework",
					SafariServices,
				);
				PRODUCT_BUNDLE_IDENTIFIER = com.trexwb.lockpass.safari.Extension;
				PRODUCT_NAME = "LockPass Extension";
				SDKROOT = iphoneos;
				SKIP_INSTALL = YES;
				STRING_CATALOG_GENERATE_SYMBOLS = YES;
				SWIFT_APPROACHABLE_CONCURRENCY = YES;
				SWIFT_EMIT_LOC_STRINGS = YES;
				SWIFT_UPCOMING_FEATURE_MEMBER_IMPORT_VISIBILITY = YES;
				SWIFT_VERSION = 5.0;
				TARGETED_DEVICE_FAMILY = "1,2";
			};
			name = Debug;
		};
		9C6944CA305A6FF100F8035A /* Release */ = {
			isa = XCBuildConfiguration;
			buildSettings = {
				CODE_SIGN_STYLE = Automatic;
				CURRENT_PROJECT_VERSION = 1;
				GENERATE_INFOPLIST_FILE = YES;
				INFOPLIST_FILE = "iOS (Extension)/Info.plist";
				INFOPLIST_KEY_CFBundleDisplayName = "LockPass Extension";
				INFOPLIST_KEY_NSHumanReadableCopyright = "";
				IPHONEOS_DEPLOYMENT_TARGET = "$(RECOMMENDED_IPHONEOS_DEPLOYMENT_TARGET)";
				LD_RUNPATH_SEARCH_PATHS = (
					"$(inherited)",
					"@executable_path/Frameworks",
					"@executable_path/../../Frameworks",
				);
				MARKETING_VERSION = 1.0;
				OTHER_LDFLAGS = (
					"-framework",
					SafariServices,
				);
				PRODUCT_BUNDLE_IDENTIFIER = com.trexwb.lockpass.safari.Extension;
				PRODUCT_NAME = "LockPass Extension";
				SDKROOT = iphoneos;
				SKIP_INSTALL = YES;
				STRING_CATALOG_GENERATE_SYMBOLS = YES;
				SWIFT_APPROACHABLE_CONCURRENCY = YES;
				SWIFT_EMIT_LOC_STRINGS = YES;
				SWIFT_UPCOMING_FEATURE_MEMBER_IMPORT_VISIBILITY = YES;
				SWIFT_VERSION = 5.0;
				TARGETED_DEVICE_FAMILY = "1,2";
				VALIDATE_PRODUCT = YES;
			};
			name = Release;
		};
		9C6944CD305A6FF100F8035A /* Debug */ = {
			isa = XCBuildConfiguration;
			buildSettings = {
				ASSETCATALOG_COMPILER_APPICON_NAME = AppIcon;
				ASSETCATALOG_COMPILER_GLOBAL_ACCENT_COLOR_NAME = AccentColor;
				CODE_SIGN_STYLE = Automatic;
				CURRENT_PROJECT_VERSION = 1;
				GENERATE_INFOPLIST_FILE = YES;
				INFOPLIST_FILE = "iOS (App)/Info.plist";
				INFOPLIST_KEY_CFBundleDisplayName = LockPass;
				INFOPLIST_KEY_UIApplicationSupportsIndirectInputEvents = YES;
				INFOPLIST_KEY_UILaunchStoryboardName = LaunchScreen;
				INFOPLIST_KEY_UIMainStoryboardFile = Main;
				INFOPLIST_KEY_UISupportedInterfaceOrientations = "UIInterfaceOrientationPortrait UIInterfaceOrientationLandscapeLeft UIInterfaceOrientationLandscapeRight";
				INFOPLIST_KEY_UISupportedInterfaceOrientations_iPad = "UIInterfaceOrientationPortrait UIInterfaceOrientationPortraitUpsideDown UIInterfaceOrientationLandscapeLeft UIInterfaceOrientationLandscapeRight";
				IPHONEOS_DEPLOYMENT_TARGET = "$(RECOMMENDED_IPHONEOS_DEPLOYMENT_TARGET)";
				LD_RUNPATH_SEARCH_PATHS = (
					"$(inherited)",
					"@executable_path/Frameworks",
				);
				MARKETING_VERSION = 1.0;
				OTHER_LDFLAGS = (
					"-framework",
					SafariServices,
					"-framework",
					WebKit,
				);
				PRODUCT_BUNDLE_IDENTIFIER = com.trexwb.lockpass.safari;
				PRODUCT_NAME = LockPass;
				SDKROOT = iphoneos;
				STRING_CATALOG_GENERATE_SYMBOLS = YES;
				SWIFT_APPROACHABLE_CONCURRENCY = YES;
				SWIFT_DEFAULT_ACTOR_ISOLATION = MainActor;
				SWIFT_EMIT_LOC_STRINGS = YES;
				SWIFT_UPCOMING_FEATURE_MEMBER_IMPORT_VISIBILITY = YES;
				SWIFT_VERSION = 5.0;
				TARGETED_DEVICE_FAMILY = "1,2";
			};
			name = Debug;
		};
		9C6944CE305A6FF100F8035A /* Release */ = {
			isa = XCBuildConfiguration;
			buildSettings = {
				ASSETCATALOG_COMPILER_APPICON_NAME = AppIcon;
				ASSETCATALOG_COMPILER_GLOBAL_ACCENT_COLOR_NAME = AccentColor;
				CODE_SIGN_STYLE = Automatic;
				CURRENT_PROJECT_VERSION = 1;
				GENERATE_INFOPLIST_FILE = YES;
				INFOPLIST_FILE = "iOS (App)/Info.plist";
				INFOPLIST_KEY_CFBundleDisplayName = LockPass;
				INFOPLIST_KEY_UIApplicationSupportsIndirectInputEvents = YES;
				INFOPLIST_KEY_UILaunchStoryboardName = LaunchScreen;
				INFOPLIST_KEY_UIMainStoryboardFile = Main;
				INFOPLIST_KEY_UISupportedInterfaceOrientations = "UIInterfaceOrientationPortrait UIInterfaceOrientationLandscapeLeft UIInterfaceOrientationLandscapeRight";
				INFOPLIST_KEY_UISupportedInterfaceOrientations_iPad = "UIInterfaceOrientationPortrait UIInterfaceOrientationPortraitUpsideDown UIInterfaceOrientationLandscapeLeft UIInterfaceOrientationLandscapeRight";
				IPHONEOS_DEPLOYMENT_TARGET = "$(RECOMMENDED_IPHONEOS_DEPLOYMENT_TARGET)";
				LD_RUNPATH_SEARCH_PATHS = (
					"$(inherited)",
					"@executable_path/Frameworks",
				);
				MARKETING_VERSION = 1.0;
				OTHER_LDFLAGS = (
					"-framework",
					SafariServices,
					"-framework",
					WebKit,
				);
				PRODUCT_BUNDLE_IDENTIFIER = com.trexwb.lockpass.safari;
				PRODUCT_NAME = LockPass;
				SDKROOT = iphoneos;
				STRING_CATALOG_GENERATE_SYMBOLS = YES;
				SWIFT_APPROACHABLE_CONCURRENCY = YES;
				SWIFT_DEFAULT_ACTOR_ISOLATION = MainActor;
				SWIFT_EMIT_LOC_STRINGS = YES;
				SWIFT_UPCOMING_FEATURE_MEMBER_IMPORT_VISIBILITY = YES;
				SWIFT_VERSION = 5.0;
				TARGETED_DEVICE_FAMILY = "1,2";
				VALIDATE_PRODUCT = YES;
			};
			name = Release;
		};
		9C6944D0305A6FF100F8035A /* Debug */ = {
			isa = XCBuildConfiguration;
			buildSettings = {
				CODE_SIGN_STYLE = Automatic;
				CURRENT_PROJECT_VERSION = 1;
				DEAD_CODE_STRIPPING = YES;
				ENABLE_APP_SANDBOX = YES;
				ENABLE_HARDENED_RUNTIME = YES;
				ENABLE_USER_SELECTED_FILES = readonly;
				GENERATE_INFOPLIST_FILE = YES;
				INFOPLIST_FILE = "macOS (Extension)/Info.plist";
				INFOPLIST_KEY_CFBundleDisplayName = "LockPass Extension";
				INFOPLIST_KEY_NSHumanReadableCopyright = "";
				LD_RUNPATH_SEARCH_PATHS = (
					"$(inherited)",
					"@executable_path/../Frameworks",
					"@executable_path/../../../../Frameworks",
				);
				MACOSX_DEPLOYMENT_TARGET = "$(RECOMMENDED_MACOSX_DEPLOYMENT_TARGET)";
				MARKETING_VERSION = 1.0;
				OTHER_LDFLAGS = (
					"-framework",
					SafariServices,
				);
				PRODUCT_BUNDLE_IDENTIFIER = com.trexwb.lockpass.safari.Extension;
				PRODUCT_NAME = "LockPass Extension";
				SDKROOT = macosx;
				SKIP_INSTALL = YES;
				STRING_CATALOG_GENERATE_SYMBOLS = YES;
				SWIFT_APPROACHABLE_CONCURRENCY = YES;
				SWIFT_EMIT_LOC_STRINGS = YES;
				SWIFT_UPCOMING_FEATURE_MEMBER_IMPORT_VISIBILITY = YES;
				SWIFT_VERSION = 5.0;
			};
			name = Debug;
		};
		9C6944D1305A6FF100F8035A /* Release */ = {
			isa = XCBuildConfiguration;
			buildSettings = {
				CODE_SIGN_STYLE = Automatic;
				CURRENT_PROJECT_VERSION = 1;
				DEAD_CODE_STRIPPING = YES;
				ENABLE_APP_SANDBOX = YES;
				ENABLE_HARDENED_RUNTIME = YES;
				ENABLE_USER_SELECTED_FILES = readonly;
				GENERATE_INFOPLIST_FILE = YES;
				INFOPLIST_FILE = "macOS (Extension)/Info.plist";
				INFOPLIST_KEY_CFBundleDisplayName = "LockPass Extension";
				INFOPLIST_KEY_NSHumanReadableCopyright = "";
				LD_RUNPATH_SEARCH_PATHS = (
					"$(inherited)",
					"@executable_path/../Frameworks",
					"@executable_path/../../../../Frameworks",
				);
				MACOSX_DEPLOYMENT_TARGET = "$(RECOMMENDED_MACOSX_DEPLOYMENT_TARGET)";
				MARKETING_VERSION = 1.0;
				OTHER_LDFLAGS = (
					"-framework",
					SafariServices,
				);
				PRODUCT_BUNDLE_IDENTIFIER = com.trexwb.lockpass.safari.Extension;
				PRODUCT_NAME = "LockPass Extension";
				SDKROOT = macosx;
				SKIP_INSTALL = YES;
				STRING_CATALOG_GENERATE_SYMBOLS = YES;
				SWIFT_APPROACHABLE_CONCURRENCY = YES;
				SWIFT_EMIT_LOC_STRINGS = YES;
				SWIFT_UPCOMING_FEATURE_MEMBER_IMPORT_VISIBILITY = YES;
				SWIFT_VERSION = 5.0;
			};
			name = Release;
		};
		9C6944D4305A6FF100F8035A /* Debug */ = {
			isa = XCBuildConfiguration;
			buildSettings = {
				ASSETCATALOG_COMPILER_APPICON_NAME = AppIcon;
				ASSETCATALOG_COMPILER_GLOBAL_ACCENT_COLOR_NAME = AccentColor;
				CODE_SIGN_STYLE = Automatic;
				CURRENT_PROJECT_VERSION = 1;
				DEAD_CODE_STRIPPING = YES;
				ENABLE_APP_SANDBOX = YES;
				ENABLE_HARDENED_RUNTIME = YES;
				ENABLE_OUTGOING_NETWORK_CONNECTIONS = YES;
				ENABLE_USER_SELECTED_FILES = readonly;
				GENERATE_INFOPLIST_FILE = YES;
				INFOPLIST_FILE = "macOS (App)/Info.plist";
				INFOPLIST_KEY_CFBundleDisplayName = LockPass;
				INFOPLIST_KEY_NSMainStoryboardFile = Main;
				INFOPLIST_KEY_NSPrincipalClass = NSApplication;
				LD_RUNPATH_SEARCH_PATHS = (
					"$(inherited)",
					"@executable_path/../Frameworks",
				);
				MACOSX_DEPLOYMENT_TARGET = "$(RECOMMENDED_MACOSX_DEPLOYMENT_TARGET)";
				MARKETING_VERSION = 1.0;
				OTHER_LDFLAGS = (
					"-framework",
					SafariServices,
					"-framework",
					WebKit,
				);
				PRODUCT_BUNDLE_IDENTIFIER = com.trexwb.lockpass.safari;
				PRODUCT_NAME = LockPass;
				REGISTER_APP_GROUPS = YES;
				SDKROOT = macosx;
				STRING_CATALOG_GENERATE_SYMBOLS = YES;
				SWIFT_APPROACHABLE_CONCURRENCY = YES;
				SWIFT_DEFAULT_ACTOR_ISOLATION = MainActor;
				SWIFT_EMIT_LOC_STRINGS = YES;
				SWIFT_UPCOMING_FEATURE_MEMBER_IMPORT_VISIBILITY = YES;
				SWIFT_VERSION = 5.0;
			};
			name = Debug;
		};
		9C6944D5305A6FF100F8035A /* Release */ = {
			isa = XCBuildConfiguration;
			buildSettings = {
				ASSETCATALOG_COMPILER_APPICON_NAME = AppIcon;
				ASSETCATALOG_COMPILER_GLOBAL_ACCENT_COLOR_NAME = AccentColor;
				CODE_SIGN_STYLE = Automatic;
				CURRENT_PROJECT_VERSION = 1;
				DEAD_CODE_STRIPPING = YES;
				ENABLE_APP_SANDBOX = YES;
				ENABLE_HARDENED_RUNTIME = YES;
				ENABLE_OUTGOING_NETWORK_CONNECTIONS = YES;
				ENABLE_USER_SELECTED_FILES = readonly;
				GENERATE_INFOPLIST_FILE = YES;
				INFOPLIST_FILE = "macOS (App)/Info.plist";
				INFOPLIST_KEY_CFBundleDisplayName = LockPass;
				INFOPLIST_KEY_NSMainStoryboardFile = Main;
				INFOPLIST_KEY_NSPrincipalClass = NSApplication;
				LD_RUNPATH_SEARCH_PATHS = (
					"$(inherited)",
					"@executable_path/../Frameworks",
				);
				MACOSX_DEPLOYMENT_TARGET = "$(RECOMMENDED_MACOSX_DEPLOYMENT_TARGET)";
				MARKETING_VERSION = 1.0;
				OTHER_LDFLAGS = (
					"-framework",
					SafariServices,
					"-framework",
					WebKit,
				);
				PRODUCT_BUNDLE_IDENTIFIER = com.trexwb.lockpass.safari;
				PRODUCT_NAME = LockPass;
				REGISTER_APP_GROUPS = YES;
				SDKROOT = macosx;
				STRING_CATALOG_GENERATE_SYMBOLS = YES;
				SWIFT_APPROACHABLE_CONCURRENCY = YES;
				SWIFT_DEFAULT_ACTOR_ISOLATION = MainActor;
				SWIFT_EMIT_LOC_STRINGS = YES;
				SWIFT_UPCOMING_FEATURE_MEMBER_IMPORT_VISIBILITY = YES;
				SWIFT_VERSION = 5.0;
			};
			name = Release;
		};
/* End XCBuildConfiguration section */

/* Begin XCConfigurationList section */
		9C69447A305A6FF000F8035A /* Build configuration list for PBXProject "LockPass" */ = {
			isa = XCConfigurationList;
			buildConfigurations = (
				9C6944C6305A6FF100F8035A /* Debug */,
				9C6944C7305A6FF100F8035A /* Release */,
			);
			defaultConfigurationIsVisible = 0;
			defaultConfigurationName = Release;
		};
		9C6944C8305A6FF100F8035A /* Build configuration list for PBXNativeTarget "LockPass Extension (iOS)" */ = {
			isa = XCConfigurationList;
			buildConfigurations = (
				9C6944C9305A6FF100F8035A /* Debug */,
				9C6944CA305A6FF100F8035A /* Release */,
			);
			defaultConfigurationIsVisible = 0;
			defaultConfigurationName = Release;
		};
		9C6944CC305A6FF100F8035A /* Build configuration list for PBXNativeTarget "LockPass (iOS)" */ = {
			isa = XCConfigurationList;
			buildConfigurations = (
				9C6944CD305A6FF100F8035A /* Debug */,
				9C6944CE305A6FF100F8035A /* Release */,
			);
			defaultConfigurationIsVisible = 0;
			defaultConfigurationName = Release;
		};
		9C6944CF305A6FF100F8035A /* Build configuration list for PBXNativeTarget "LockPass Extension (macOS)" */ = {
			isa = XCConfigurationList;
			buildConfigurations = (
				9C6944D0305A6FF100F8035A /* Debug */,
				9C6944D1305A6FF100F8035A /* Release */,
			);
			defaultConfigurationIsVisible = 0;
			defaultConfigurationName = Release;
		};
		9C6944D3305A6FF100F8035A /* Build configuration list for PBXNativeTarget "LockPass (macOS)" */ = {
			isa = XCConfigurationList;
			buildConfigurations = (
				9C6944D4305A6FF100F8035A /* Debug */,
				9C6944D5305A6FF100F8035A /* Release */,
			);
			defaultConfigurationIsVisible = 0;
			defaultConfigurationName = Release;
		};
/* End XCConfigurationList section */
	};
	rootObject = 9C694477305A6FF000F8035A /* Project object */;
}
